
Microsoft Visual Studio Solution File, Format Version 12.00
# Visual Studio 15
VisualStudioVersion = 15.0.28307.757
MinimumVisualStudioVersion = 10.0.40219.1
Project("{8BC9CEB8-8B4A-11D0-8D11-00A0C91BC942}") = "UbxComms", "UbxComms.vcxproj", "{25C2BEB3-01A7-4A36-8019-7976A8F06510}"
EndProject
Global
	GlobalSection(SolutionConfigurationPlatforms) = preSolution
		Debug|x86 = Debug|x86
		Release|x86 = Release|x86
	EndGlobalSection
	GlobalSection(ProjectConfigurationPlatforms) = postSolution
		{25C2BEB3-01A7-4A36-8019-7976A8F06510}.Debug|x86.ActiveCfg = Debug|Win32
		{25C2BEB3-01A7-4A36-8019-7976A8F06510}.Debug|x86.Build.0 = Debug|Win32
		{25C2BEB3-01A7-4A36-8019-7976A8F06510}.Release|x86.ActiveCfg = Release|Win32
		{25C2BEB3-01A7-4A36-8019-7976A8F06510}.Release|x86.Build.0 = Release|Win32
	EndGlobalSection
	GlobalSection(SolutionProperties) = preSolution
		HideSolutionNode = FALSE
	EndGlobalSection
	GlobalSection(ExtensibilityGlobals) = postSolution
		SolutionGuid = {6F869A93-37B2-416B-8199-9C6A23A7128A}
	EndGlobalSection
EndGlobal
